
Microsoft Visual Studio Solution File, Format Version 12.00
# Visual Studio Version 17
VisualStudioVersion = 17.0.32112.339
MinimumVisualStudioVersion = 10.0.40219.1
Project("{2150E333-8FDC-42A3-9474-1A3956D46DE8}") = "src", "src", "{FF89A354-E030-47FF-8AE2-3C99135964CD}"
EndProject
Project("{FAE04EC0-301F-11D3-BF4B-00C04F79EFBC}") = "Challenge.Api", "src\Challenge.Api\Challenge.Api.csproj", "{A374C9DA-774C-43CD-852D-7EE6F5E31F65}"
EndProject
Project("{FAE04EC0-301F-11D3-BF4B-00C04F79EFBC}") = "Challenge.Application", "src\Challenge.Application\Challenge.Application.csproj", "{80F8B455-0EF1-48FD-8169-FD8EC71EBF74}"
EndProject
Project("{FAE04EC0-301F-11D3-BF4B-00C04F79EFBC}") = "Challenge.Domain", "src\Challenge.Domain\Challenge.Domain.csproj", "{0FCB1F3F-C0E3-4283-A9B4-6C7050B4110F}"
EndProject
Project("{FAE04EC0-301F-11D3-BF4B-00C04F79EFBC}") = "Challenge.Infrastructure", "src\Challenge.Infrastructure\Challenge.Infrastructure.csproj", "{F6D0E8CE-45A6-4A74-BA11-C38380873640}"
EndProject
Project("{2150E333-8FDC-42A3-9474-1A3956D46DE8}") = "Shared", "Shared", "{DF9C6FC0-0A2A-463A-91C3-41CA298ADC8A}"
EndProject
Project("{FAE04EC0-301F-11D3-BF4B-00C04F79EFBC}") = "Challange.Core", "Shared\Challange.Core\Challange.Core.csproj", "{9097595F-64AE-4060-BE54-D9D832B15AC2}"
EndProject
Global
	GlobalSection(SolutionConfigurationPlatforms) = preSolution
		Debug|Any CPU = Debug|Any CPU
		Release|Any CPU = Release|Any CPU
	EndGlobalSection
	GlobalSection(ProjectConfigurationPlatforms) = postSolution
		{A374C9DA-774C-43CD-852D-7EE6F5E31F65}.Debug|Any CPU.ActiveCfg = Debug|Any CPU
		{A374C9DA-774C-43CD-852D-7EE6F5E31F65}.Debug|Any CPU.Build.0 = Debug|Any CPU
		{A374C9DA-774C-43CD-852D-7EE6F5E31F65}.Release|Any CPU.ActiveCfg = Release|Any CPU
		{A374C9DA-774C-43CD-852D-7EE6F5E31F65}.Release|Any CPU.Build.0 = Release|Any CPU
		{80F8B455-0EF1-48FD-8169-FD8EC71EBF74}.Debug|Any CPU.ActiveCfg = Debug|Any CPU
		{80F8B455-0EF1-48FD-8169-FD8EC71EBF74}.Debug|Any CPU.Build.0 = Debug|Any CPU
		{80F8B455-0EF1-48FD-8169-FD8EC71EBF74}.Release|Any CPU.ActiveCfg = Release|Any CPU
		{80F8B455-0EF1-48FD-8169-FD8EC71EBF74}.Release|Any CPU.Build.0 = Release|Any CPU
		{0FCB1F3F-C0E3-4283-A9B4-6C7050B4110F}.Debug|Any CPU.ActiveCfg = Debug|Any CPU
		{0FCB1F3F-C0E3-4283-A9B4-6C7050B4110F}.Debug|Any CPU.Build.0 = Debug|Any CPU
		{0FCB1F3F-C0E3-4283-A9B4-6C7050B4110F}.Release|Any CPU.ActiveCfg = Release|Any CPU
		{0FCB1F3F-C0E3-4283-A9B4-6C7050B4110F}.Release|Any CPU.Build.0 = Release|Any CPU
		{F6D0E8CE-45A6-4A74-BA11-C38380873640}.Debug|Any CPU.ActiveCfg = Debug|Any CPU
		{F6D0E8CE-45A6-4A74-BA11-C38380873640}.Debug|Any CPU.Build.0 = Debug|Any CPU
		{F6D0E8CE-45A6-4A74-BA11-C38380873640}.Release|Any CPU.ActiveCfg = Release|Any CPU
		{F6D0E8CE-45A6-4A74-BA11-C38380873640}.Release|Any CPU.Build.0 = Release|Any CPU
		{9097595F-64AE-4060-BE54-D9D832B15AC2}.Debug|Any CPU.ActiveCfg = Debug|Any CPU
		{9097595F-64AE-4060-BE54-D9D832B15AC2}.Debug|Any CPU.Build.0 = Debug|Any CPU
		{9097595F-64AE-4060-BE54-D9D832B15AC2}.Release|Any CPU.ActiveCfg = Release|Any CPU
		{9097595F-64AE-4060-BE54-D9D832B15AC2}.Release|Any CPU.Build.0 = Release|Any CPU
	EndGlobalSection
	GlobalSection(SolutionProperties) = preSolution
		HideSolutionNode = FALSE
	EndGlobalSection
	GlobalSection(NestedProjects) = preSolution
		{A374C9DA-774C-43CD-852D-7EE6F5E31F65} = {FF89A354-E030-47FF-8AE2-3C99135964CD}
		{80F8B455-0EF1-48FD-8169-FD8EC71EBF74} = {FF89A354-E030-47FF-8AE2-3C99135964CD}
		{0FCB1F3F-C0E3-4283-A9B4-6C7050B4110F} = {FF89A354-E030-47FF-8AE2-3C99135964CD}
		{F6D0E8CE-45A6-4A74-BA11-C38380873640} = {FF89A354-E030-47FF-8AE2-3C99135964CD}
		{9097595F-64AE-4060-BE54-D9D832B15AC2} = {DF9C6FC0-0A2A-463A-91C3-41CA298ADC8A}
	EndGlobalSection
	GlobalSection(ExtensibilityGlobals) = postSolution
		SolutionGuid = {410DC029-DD5C-4F13-BF05-84A3C301A3AD}
	EndGlobalSection
EndGlobal
